{
  "nodes": {
    "nixpkgs": {
      "locked": {
        "lastModified": 1696009558,
        "narHash": "sha256-/1nNL8lCF0gn38XaFyu2ufpWcBFwCDZyYUxdZkM6GxU=",
        "owner": "nixos",
        "repo": "nixpkgs",
        "rev": "c182df2e68bd97deb32c7e4765adfbbbcaf75b60",
        "type": "github"
      },
      "original": {
        "owner": "nixos",
        "ref": "nixpkgs-unstable",
        "repo": "nixpkgs",
        "type": "github"
      }
    },
    "root": {
      "inputs": {
        "nixpkgs": "nixpkgs"
      }
    }
  },
  "root": "root",
  "version": 7
}
